
Microsoft Visual Studio Solution File, Format Version 12.00
# Visual Studio Version 16
VisualStudioVersion = 16.0.30804.86
MinimumVisualStudioVersion = 10.0.40219.1
Project("{9A19103F-16F7-4668-BE54-9A1E7A4F7556}") = "TilgangKodeverk", "TilgangKodeverk\TilgangKodeverk.csproj", "{D8C61F2E-B0D3-42CA-9298-76E2E3BE4295}"
EndProject
Project("{2150E333-8FDC-42A3-9474-1A3956D46DE8}") = "sql", "sql", "{0EE0E936-18B9-4C15-90DF-9207A7528607}"
	ProjectSection(SolutionItems) = preProject
		UttrekkKoder.sql = UttrekkKoder.sql
	EndProjectSection
EndProject
Project("{9A19103F-16F7-4668-BE54-9A1E7A4F7556}") = "Fhi.Lmr.Felles.TilgangKodeverk", "Fhi.Lmr.Felles.TilgangKodeverk\Fhi.Lmr.Felles.TilgangKodeverk.csproj", "{45C0AC92-0116-4163-887F-D08BC878056C}"
EndProject
Project("{2150E333-8FDC-42A3-9474-1A3956D46DE8}") = "postman", "postman", "{33108220-7212-4747-B03F-C6C57A9674FE}"
	ProjectSection(SolutionItems) = preProject
		PostTest.txt = PostTest.txt
	EndProjectSection
EndProject
Global
	GlobalSection(SolutionConfigurationPlatforms) = preSolution
		Debug|Any CPU = Debug|Any CPU
		Release|Any CPU = Release|Any CPU
	EndGlobalSection
	GlobalSection(ProjectConfigurationPlatforms) = postSolution
		{D8C61F2E-B0D3-42CA-9298-76E2E3BE4295}.Debug|Any CPU.ActiveCfg = Debug|Any CPU
		{D8C61F2E-B0D3-42CA-9298-76E2E3BE4295}.Debug|Any CPU.Build.0 = Debug|Any CPU
		{D8C61F2E-B0D3-42CA-9298-76E2E3BE4295}.Release|Any CPU.ActiveCfg = Release|Any CPU
		{D8C61F2E-B0D3-42CA-9298-76E2E3BE4295}.Release|Any CPU.Build.0 = Release|Any CPU
		{45C0AC92-0116-4163-887F-D08BC878056C}.Debug|Any CPU.ActiveCfg = Debug|Any CPU
		{45C0AC92-0116-4163-887F-D08BC878056C}.Debug|Any CPU.Build.0 = Debug|Any CPU
		{45C0AC92-0116-4163-887F-D08BC878056C}.Release|Any CPU.ActiveCfg = Release|Any CPU
		{45C0AC92-0116-4163-887F-D08BC878056C}.Release|Any CPU.Build.0 = Release|Any CPU
	EndGlobalSection
	GlobalSection(SolutionProperties) = preSolution
		HideSolutionNode = FALSE
	EndGlobalSection
	GlobalSection(ExtensibilityGlobals) = postSolution
		SolutionGuid = {162151B8-771C-4C8F-ADEC-D05B961A2711}
	EndGlobalSection
EndGlobal
